# This file is automatically @generated by Cargo.
# It is not intended for manual editing.
version = 4

[[package]]
name = "lucid-checker"
version = "0.1.0"
dependencies = [
 "lucid-syntax",
]

[[package]]
name = "lucid-cli"
version = "0.1.0"
dependencies = [
 "lucid-checker",
 "lucid-runtime",
 "lucid-syntax",
]

[[package]]
name = "lucid-runtime"
version = "0.1.0"
dependencies = [
 "lucid-checker",
 "lucid-syntax",
]

[[package]]
name = "lucid-syntax"
version = "0.1.0"
